[root]
name = "infinity_os"
version = "0.1.0"
dependencies = [
 "arch_x86_64 0.1.0",
 "bit_field 0.7.0 (registry+https://github.com/rust-lang/crates.io-index)",
 "bitflags 0.8.2 (registry+https://github.com/rust-lang/crates.io-index)",
 "goblin 0.0.9 (registry+https://github.com/rust-lang/crates.io-index)",
 "infinity_syscall 0.1.0",
 "spin 0.4.5 (registry+https://github.com/rust-lang/crates.io-index)",
]

[[package]]
name = "arch_x86_64"
version = "0.1.0"
dependencies = [
 "bit_field 0.7.0 (registry+https://github.com/rust-lang/crates.io-index)",
 "bitflags 0.8.2 (registry+https://github.com/rust-lang/crates.io-index)",
 "hole_list_allocator 0.1.0",
 "lazy_static 0.2.8 (registry+https://github.com/rust-lang/crates.io-index)",
 "multiboot2 0.3.2 (registry+https://github.com/rust-lang/crates.io-index)",
 "once 0.3.2 (registry+https://github.com/rust-lang/crates.io-index)",
 "raw-cpuid 2.0.2 (registry+https://github.com/rust-lang/crates.io-index)",
 "rlibc 0.1.5 (registry+https://github.com/rust-lang/crates.io-index)",
 "spin 0.4.5 (registry+https://github.com/rust-lang/crates.io-index)",
 "volatile 0.1.0 (registry+https://github.com/rust-lang/crates.io-index)",
 "x86_64 0.1.2 (registry+https://github.com/rust-lang/crates.io-index)",
]

[[package]]
name = "bit_field"
version = "0.7.0"
source = "registry+https://github.com/rust-lang/crates.io-index"

[[package]]
name = "bitflags"
version = "0.4.0"
source = "registry+https://github.com/rust-lang/crates.io-index"

[[package]]
name = "bitflags"
version = "0.7.0"
source = "registry+https://github.com/rust-lang/crates.io-index"

[[package]]
name = "bitflags"
version = "0.8.2"
source = "registry+https://github.com/rust-lang/crates.io-index"

[[package]]
name = "goblin"
version = "0.0.9"
source = "registry+https://github.com/rust-lang/crates.io-index"
dependencies = [
 "scroll 0.4.0 (registry+https://github.com/rust-lang/crates.io-index)",
]

[[package]]
name = "hole_list_allocator"
version = "0.1.0"
dependencies = [
 "lazy_static 0.2.8 (registry+https://github.com/rust-lang/crates.io-index)",
 "linked_list_allocator 0.2.5 (registry+https://github.com/rust-lang/crates.io-index)",
 "spin 0.4.5 (registry+https://github.com/rust-lang/crates.io-index)",
]

[[package]]
name = "infinity_syscall"
version = "0.1.0"

[[package]]
name = "lazy_static"
version = "0.2.8"
source = "registry+https://github.com/rust-lang/crates.io-index"
dependencies = [
 "spin 0.4.5 (registry+https://github.com/rust-lang/crates.io-index)",
]

[[package]]
name = "linked_list_allocator"
version = "0.2.5"
source = "registry+https://github.com/rust-lang/crates.io-index"

[[package]]
name = "multiboot2"
version = "0.3.2"
source = "registry+https://github.com/rust-lang/crates.io-index"
dependencies = [
 "bitflags 0.4.0 (registry+https://github.com/rust-lang/crates.io-index)",
]

[[package]]
name = "once"
version = "0.3.2"
source = "registry+https://github.com/rust-lang/crates.io-index"

[[package]]
name = "raw-cpuid"
version = "2.0.2"
source = "registry+https://github.com/rust-lang/crates.io-index"
dependencies = [
 "bitflags 0.7.0 (registry+https://github.com/rust-lang/crates.io-index)",
]

[[package]]
name = "rlibc"
version = "0.1.5"
source = "registry+https://github.com/rust-lang/crates.io-index"

[[package]]
name = "scroll"
version = "0.4.0"
source = "registry+https://github.com/rust-lang/crates.io-index"

[[package]]
name = "spin"
version = "0.4.5"
source = "registry+https://github.com/rust-lang/crates.io-index"

[[package]]
name = "volatile"
version = "0.1.0"
source = "registry+https://github.com/rust-lang/crates.io-index"

[[package]]
name = "x86_64"
version = "0.1.2"
source = "registry+https://github.com/rust-lang/crates.io-index"
dependencies = [
 "bit_field 0.7.0 (registry+https://github.com/rust-lang/crates.io-index)",
]

[metadata]
"checksum bit_field 0.7.0 (registry+https://github.com/rust-lang/crates.io-index)" = "ff91a64014e1bc53bf643920f2c9ab5f0980d92a0948295f3ee550e9266849ad"
"checksum bitflags 0.4.0 (registry+https://github.com/rust-lang/crates.io-index)" = "8dead7461c1127cf637931a1e50934eb6eee8bff2f74433ac7909e9afcee04a3"
"checksum bitflags 0.7.0 (registry+https://github.com/rust-lang/crates.io-index)" = "aad18937a628ec6abcd26d1489012cc0e18c21798210f491af69ded9b881106d"
"checksum bitflags 0.8.2 (registry+https://github.com/rust-lang/crates.io-index)" = "1370e9fc2a6ae53aea8b7a5110edbd08836ed87c88736dfabccade1c2b44bff4"
"checksum goblin 0.0.9 (registry+https://github.com/rust-lang/crates.io-index)" = "4023288fcdb49f38f7b15887078b922bb9e96b9d9b33dbb17eb61cb7b2578ba2"
"checksum lazy_static 0.2.8 (registry+https://github.com/rust-lang/crates.io-index)" = "3b37545ab726dd833ec6420aaba8231c5b320814b9029ad585555d2a03e94fbf"
"checksum linked_list_allocator 0.2.5 (registry+https://github.com/rust-lang/crates.io-index)" = "ad1399b725177d144e05de0fbcc522de2c21ac07001d3efe916ca408980a04ee"
"checksum multiboot2 0.3.2 (registry+https://github.com/rust-lang/crates.io-index)" = "dcea5906310f2607ea39a42b8af0745dc487d7583db9d981142a63b538647f69"
"checksum once 0.3.2 (registry+https://github.com/rust-lang/crates.io-index)" = "1ae5868dd493edd93941c182240a2c019dfe84c7d2de51d4659da32e58688ce9"
"checksum raw-cpuid 2.0.2 (registry+https://github.com/rust-lang/crates.io-index)" = "13b844e4049605ff38fed943f5c7b2c691fad68d9d5bf074d2720554c4e48246"
"checksum rlibc 0.1.5 (registry+https://github.com/rust-lang/crates.io-index)" = "4f725fa0be00ed4a869c61f1adb156b629bb6c8d97f2ee4d0644bba1ce33b04b"
"checksum scroll 0.4.0 (registry+https://github.com/rust-lang/crates.io-index)" = "3e09f3f4f5020f5458681b99896accb0c78527fc91e6c57371a4c4bfcb9eb400"
"checksum spin 0.4.5 (registry+https://github.com/rust-lang/crates.io-index)" = "1d16a26e2b789f86aabddbe91cb82ee2e822beb8a59840d631941b625ef77e53"
"checksum volatile 0.1.0 (registry+https://github.com/rust-lang/crates.io-index)" = "37c5d76c0f40ba4f8ac10ec4717d4e98ce3e58c5607eea36e9464226fc5e0a95"
"checksum x86_64 0.1.2 (registry+https://github.com/rust-lang/crates.io-index)" = "73464a8ba159d4fdbfdbea0911c9d06887a4dbbb0f0521742c545f3e11bc8ea4"
